Microsoft Visual Studio Solution File, Format Version 12.00
# Visual Studio Version 17
VisualStudioVersion = 17.12.35527.113
MinimumVisualStudioVersion = 10.0.40219.1
Project("{9A19103F-16F7-4668-BE54-9A1E7A4F7556}") = "Ap.Demo.Application", "Ap.Demo.Application\Ap.Demo.Application.csproj", "{192DD158-86A7-4189-BE7D-3FC02938C815}"
EndProject
Project("{2150E333-8FDC-42A3-9474-1A3956D46DE8}") = "ApplicationCore", "ApplicationCore", "{4C19371B-2C6A-4E54-B5E3-FC55DF08D610}"
EndProject
Project("{2150E333-8FDC-42A3-9474-1A3956D46DE8}") = "Presentation", "Presentation", "{12718118-B0DC-4F3F-A844-527C46817984}"
EndProject
Project("{2150E333-8FDC-42A3-9474-1A3956D46DE8}") = "Infrastructure", "Infrastructure", "{B2371A37-FA7F-47E8-A29A-577F40967707}"
EndProject
Project("{9A19103F-16F7-4668-BE54-9A1E7A4F7556}") = "Ap.Demo.Domain", "Ap.Demo.Domain\Ap.Demo.Domain.csproj", "{F0736206-23EA-4009-8FE9-DC0795582716}"
EndProject
Project("{9A19103F-16F7-4668-BE54-9A1E7A4F7556}") = "Ap.Demo.Infrastructure", "Ap.Demo.Infrastructure\Ap.Demo.Infrastructure.csproj", "{A335B068-1311-4F5B-B789-24F8602C1D89}"
EndProject
Project("{FAE04EC0-301F-11D3-BF4B-00C04F79EFBC}") = "Ap.Demo.API", "Ap.Demo.API\Ap.Demo.API.csproj", "{03907CD3-CEEB-4743-8528-D1EF45FFF82B}"
EndProject
Project("{FAE04EC0-301F-11D3-BF4B-00C04F79EFBC}") = "Ap.Demo.WebUi", "Ap.Demo.WebUi\Ap.Demo.WebUi.csproj", "{8E0F3136-45F2-4250-9661-56C06DED5079}"
EndProject
Project("{2150E333-8FDC-42A3-9474-1A3956D46DE8}") = "Testing", "Testing", "{02EA681E-C7D8-13C7-8484-4AC65E1B71E8}"
EndProject
Project("{FAE04EC0-301F-11D3-BF4B-00C04F79EFBC}") = "AP.Demo.Unittests", "AP.Demo.Unittests\AP.Demo.Unittests.csproj", "{5461C082-2BAD-47B8-9609-4886BC9F5A68}"
EndProject
Global
	GlobalSection(SolutionConfigurationPlatforms) = preSolution
		Debug|Any CPU = Debug|Any CPU
		Release|Any CPU = Release|Any CPU
	EndGlobalSection
	GlobalSection(ProjectConfigurationPlatforms) = postSolution
		{192DD158-86A7-4189-BE7D-3FC02938C815}.Debug|Any CPU.ActiveCfg = Debug|Any CPU
		{192DD158-86A7-4189-BE7D-3FC02938C815}.Debug|Any CPU.Build.0 = Debug|Any CPU
		{192DD158-86A7-4189-BE7D-3FC02938C815}.Release|Any CPU.ActiveCfg = Release|Any CPU
		{192DD158-86A7-4189-BE7D-3FC02938C815}.Release|Any CPU.Build.0 = Release|Any CPU
		{F0736206-23EA-4009-8FE9-DC0795582716}.Debug|Any CPU.ActiveCfg = Debug|Any CPU
		{F0736206-23EA-4009-8FE9-DC0795582716}.Debug|Any CPU.Build.0 = Debug|Any CPU
		{F0736206-23EA-4009-8FE9-DC0795582716}.Release|Any CPU.ActiveCfg = Release|Any CPU
		{F0736206-23EA-4009-8FE9-DC0795582716}.Release|Any CPU.Build.0 = Release|Any CPU
		{A335B068-1311-4F5B-B789-24F8602C1D89}.Debug|Any CPU.ActiveCfg = Debug|Any CPU
		{A335B068-1311-4F5B-B789-24F8602C1D89}.Debug|Any CPU.Build.0 = Debug|Any CPU
		{A335B068-1311-4F5B-B789-24F8602C1D89}.Release|Any CPU.ActiveCfg = Release|Any CPU
		{A335B068-1311-4F5B-B789-24F8602C1D89}.Release|Any CPU.Build.0 = Release|Any CPU
		{03907CD3-CEEB-4743-8528-D1EF45FFF82B}.Debug|Any CPU.ActiveCfg = Debug|Any CPU
		{03907CD3-CEEB-4743-8528-D1EF45FFF82B}.Debug|Any CPU.Build.0 = Debug|Any CPU
		{03907CD3-CEEB-4743-8528-D1EF45FFF82B}.Release|Any CPU.ActiveCfg = Release|Any CPU
		{03907CD3-CEEB-4743-8528-D1EF45FFF82B}.Release|Any CPU.Build.0 = Release|Any CPU
		{8E0F3136-45F2-4250-9661-56C06DED5079}.Debug|Any CPU.ActiveCfg = Debug|Any CPU
		{8E0F3136-45F2-4250-9661-56C06DED5079}.Debug|Any CPU.Build.0 = Debug|Any CPU
		{8E0F3136-45F2-4250-9661-56C06DED5079}.Release|Any CPU.ActiveCfg = Release|Any CPU
		{8E0F3136-45F2-4250-9661-56C06DED5079}.Release|Any CPU.Build.0 = Release|Any CPU
		{5461C082-2BAD-47B8-9609-4886BC9F5A68}.Debug|Any CPU.ActiveCfg = Debug|Any CPU
		{5461C082-2BAD-47B8-9609-4886BC9F5A68}.Debug|Any CPU.Build.0 = Debug|Any CPU
		{5461C082-2BAD-47B8-9609-4886BC9F5A68}.Release|Any CPU.ActiveCfg = Release|Any CPU
		{5461C082-2BAD-47B8-9609-4886BC9F5A68}.Release|Any CPU.Build.0 = Release|Any CPU
	EndGlobalSection
	GlobalSection(SolutionProperties) = preSolution
		HideSolutionNode = FALSE
	EndGlobalSection
	GlobalSection(NestedProjects) = preSolution
		{192DD158-86A7-4189-BE7D-3FC02938C815} = {4C19371B-2C6A-4E54-B5E3-FC55DF08D610}
		{F0736206-23EA-4009-8FE9-DC0795582716} = {4C19371B-2C6A-4E54-B5E3-FC55DF08D610}
		{A335B068-1311-4F5B-B789-24F8602C1D89} = {B2371A37-FA7F-47E8-A29A-577F40967707}
		{03907CD3-CEEB-4743-8528-D1EF45FFF82B} = {12718118-B0DC-4F3F-A844-527C46817984}
		{8E0F3136-45F2-4250-9661-56C06DED5079} = {12718118-B0DC-4F3F-A844-527C46817984}
		{5461C082-2BAD-47B8-9609-4886BC9F5A68} = {02EA681E-C7D8-13C7-8484-4AC65E1B71E8}
	EndGlobalSection
	GlobalSection(ExtensibilityGlobals) = postSolution
		SolutionGuid = {90371059-44FC-46BD-8E28-32DDDF6B31C3}
	EndGlobalSection
EndGlobal
